
Microsoft Visual Studio Solution File, Format Version 12.00
# Visual Studio Version 16
VisualStudioVersion = 16.0.31515.178
MinimumVisualStudioVersion = 10.0.40219.1
Project("{FAE04EC0-301F-11D3-BF4B-00C04F79EFBC}") = "MvcCandel", "MvcCandel.csproj", "{C2F65FD9-99A5-49DF-AAAA-622FE236E6DD}"
EndProject
Global
	GlobalSection(SolutionConfigurationPlatforms) = preSolution
		Debug|Any CPU = Debug|Any CPU
		Release|Any CPU = Release|Any CPU
	EndGlobalSection
	GlobalSection(ProjectConfigurationPlatforms) = postSolution
		{C2F65FD9-99A5-49DF-AAAA-622FE236E6DD}.Debug|Any CPU.ActiveCfg = Debug|Any CPU
		{C2F65FD9-99A5-49DF-AAAA-622FE236E6DD}.Debug|Any CPU.Build.0 = Debug|Any CPU
		{C2F65FD9-99A5-49DF-AAAA-622FE236E6DD}.Release|Any CPU.ActiveCfg = Release|Any CPU
		{C2F65FD9-99A5-49DF-AAAA-622FE236E6DD}.Release|Any CPU.Build.0 = Release|Any CPU
	EndGlobalSection
	GlobalSection(SolutionProperties) = preSolution
		HideSolutionNode = FALSE
	EndGlobalSection
	GlobalSection(ExtensibilityGlobals) = postSolution
		SolutionGuid = {70E331DD-B450-4552-B38D-1591C66D866B}
	EndGlobalSection
EndGlobal
